
Microsoft Visual Studio Solution File, Format Version 12.00
# Visual Studio Version 16
VisualStudioVersion = 16.0.28803.352
MinimumVisualStudioVersion = 10.0.40219.1
Project("{FAE04EC0-301F-11D3-BF4B-00C04F79EFBC}") = "Kurs", "Kurs\Kurs.csproj", "{69973B1C-140F-43FE-9A75-E383E838AEA5}"
EndProject
Global
	GlobalSection(SolutionConfigurationPlatforms) = preSolution
		Debug|Any CPU = Debug|Any CPU
		Release|Any CPU = Release|Any CPU
	EndGlobalSection
	GlobalSection(ProjectConfigurationPlatforms) = postSolution
		{69973B1C-140F-43FE-9A75-E383E838AEA5}.Debug|Any CPU.ActiveCfg = Debug|Any CPU
		{69973B1C-140F-43FE-9A75-E383E838AEA5}.Debug|Any CPU.Build.0 = Debug|Any CPU
		{69973B1C-140F-43FE-9A75-E383E838AEA5}.Release|Any CPU.ActiveCfg = Release|Any CPU
		{69973B1C-140F-43FE-9A75-E383E838AEA5}.Release|Any CPU.Build.0 = Release|Any CPU
	EndGlobalSection
	GlobalSection(SolutionProperties) = preSolution
		HideSolutionNode = FALSE
	EndGlobalSection
	GlobalSection(ExtensibilityGlobals) = postSolution
		SolutionGuid = {5675C55C-EE19-4D4C-906A-589F1A94CD2C}
	EndGlobalSection
EndGlobal
